version = 1
revision = 2
requires-python = ">=3.12"

[[package]]
name = "basedpyright"
version = "1.31.4"
source = { registry = "https://pypi.org/simple" }
dependencies = [
    { name = "nodejs-wheel-binaries" },
]
sdist = { url = "https://files.pythonhosted.org/packages/0b/53/570b03ec0445a9b2cc69788482c1d12902a9b88a9b159e449c4c537c4e3a/basedpyright-1.31.4.tar.gz", hash = "sha256:2450deb16530f7c88c1a7da04530a079f9b0b18ae1c71cb6f812825b3b82d0b1", size = 22494467, upload-time = "2025-09-03T13:05:55.817Z" }
wheels = [
    { url = "https://files.pythonhosted.org/packages/e5/40/d1047a5addcade9291685d06ef42a63c1347517018bafd82747af9da0294/basedpyright-1.31.4-py3-none-any.whl", hash = "sha256:055e4a38024bd653be12d6216c1cfdbee49a1096d342b4d5f5b4560f7714b6fc", size = 11731440, upload-time = "2025-09-03T13:05:52.308Z" },
]

[[package]]
name = "nodejs-wheel-binaries"
version = "22.19.0"
source = { registry = "https://pypi.org/simple" }
sdist = { url = "https://files.pythonhosted.org/packages/bd/ca/6033f80b7aebc23cb31ed8b09608b6308c5273c3522aedd043e8a0644d83/nodejs_wheel_binaries-22.19.0.tar.gz", hash = "sha256:e69b97ef443d36a72602f7ed356c6a36323873230f894799f4270a853932fdb3", size = 8060, upload-time = "2025-09-12T10:33:46.935Z" }
wheels = [
    { url = "https://files.pythonhosted.org/packages/93/a2/0d055fd1d8c9a7a971c4db10cf42f3bba57c964beb6cf383ca053f2cdd20/nodejs_wheel_binaries-22.19.0-py2.py3-none-macosx_11_0_arm64.whl", hash = "sha256:43eca1526455a1fb4cb777095198f7ebe5111a4444749c87f5c2b84645aaa72a", size = 50902454, upload-time = "2025-09-12T10:33:18.3Z" },
    { url = "https://files.pythonhosted.org/packages/b5/f5/446f7b3c5be1d2f5145ffa3c9aac3496e06cdf0f436adeb21a1f95dd79a7/nodejs_wheel_binaries-22.19.0-py2.py3-none-macosx_11_0_x86_64.whl", hash = "sha256:feb06709e1320790d34babdf71d841ec7f28e4c73217d733e7f5023060a86bfc", size = 51837860, upload-time = "2025-09-12T10:33:21.599Z" },
    { url = "https://files.pythonhosted.org/packages/1e/4e/d0a036f04fd0f5dc3ae505430657044b8d9853c33be6b2d122bb171aaca3/nodejs_wheel_binaries-22.19.0-py2.py3-none-manylinux_2_17_aarch64.manylinux2014_aarch64.whl", hash = "sha256:db9f5777292491430457c99228d3a267decf12a09d31246f0692391e3513285e", size = 57841528, upload-time = "2025-09-12T10:33:25.433Z" },
    { url = "https://files.pythonhosted.org/packages/e2/11/4811d27819f229cc129925c170db20c12d4f01ad366a0066f06d6eb833cf/nodejs_wheel_binaries-22.19.0-py2.py3-none-manylinux_2_17_x86_64.manylinux2014_x86_64.whl", hash = "sha256:1392896f1a05a88a8a89b26e182d90fdf3020b4598a047807b91b65731e24c00", size = 58368815, upload-time = "2025-09-12T10:33:29.083Z" },
    { url = "https://files.pythonhosted.org/packages/6e/94/df41416856b980e38a7ff280cfb59f142a77955ccdbec7cc4260d8ab2e78/nodejs_wheel_binaries-22.19.0-py2.py3-none-musllinux_1_2_aarch64.whl", hash = "sha256:9164c876644f949cad665e3ada00f75023e18f381e78a1d7b60ccbbfb4086e73", size = 59690937, upload-time = "2025-09-12T10:33:32.771Z" },
    { url = "https://files.pythonhosted.org/packages/d1/39/8d0d5f84b7616bdc4eca725f5d64a1cfcac3d90cf3f30cae17d12f8e987f/nodejs_wheel_binaries-22.19.0-py2.py3-none-musllinux_1_2_x86_64.whl", hash = "sha256:6b4b75166134010bc9cfebd30dc57047796a27049fef3fc22316216d76bc0af7", size = 60751996, upload-time = "2025-09-12T10:33:36.962Z" },
    { url = "https://files.pythonhosted.org/packages/41/93/2d66b5b60055dd1de6e37e35bef563c15e4cafa5cfe3a6990e0ab358e515/nodejs_wheel_binaries-22.19.0-py2.py3-none-win_amd64.whl", hash = "sha256:3f271f5abfc71b052a6b074225eca8c1223a0f7216863439b86feaca814f6e5a", size = 40026140, upload-time = "2025-09-12T10:33:40.33Z" },
    { url = "https://files.pythonhosted.org/packages/a3/46/c9cf7ff7e3c71f07ca8331c939afd09b6e59fc85a2944ea9411e8b29ce50/nodejs_wheel_binaries-22.19.0-py2.py3-none-win_arm64.whl", hash = "sha256:666a355fe0c9bde44a9221cd543599b029045643c8196b8eedb44f28dc192e06", size = 38804500, upload-time = "2025-09-12T10:33:43.302Z" },
]

[[package]]
name = "prek"
version = "0.2.1"
source = { registry = "https://pypi.org/simple" }
sdist = { url = "https://files.pythonhosted.org/packages/93/0a/b2dabb829aebc4f98a10b8f5fac0e6ca4746463d5183622457e5727f5705/prek-0.2.1.tar.gz", hash = "sha256:60543afbf72ad9ce27a5fc4301179f75f473dc4cc221ff53b2bad18ff6eac998", size = 2919831, upload-time = "2025-09-15T15:14:23.382Z" }
wheels = [
    { url = "https://files.pythonhosted.org/packages/50/f2/17fdccf51bef753a2ef50e936363779ff20a528ae4e197d9c9e84be5bc53/prek-0.2.1-py3-none-linux_armv6l.whl", hash = "sha256:bdd0e71ab6a63a9b81c268539ec249bfe1cd2b50fc39823727b256b0ba67d342", size = 4320246, upload-time = "2025-09-15T15:13:54.103Z" },
    { url = "https://files.pythonhosted.org/packages/5e/fe/9a3b119ef905c8c52c17cfce1a4230d8f2f9ddfe6c0815ae52b7d616a038/prek-0.2.1-py3-none-macosx_10_12_x86_64.whl", hash = "sha256:99c1611aea27c75cb76d23f7ca68440478b4372b2184e4c383af06a3ea9e8b8e", size = 4433105, upload-time = "2025-09-15T15:13:55.678Z" },
    { url = "https://files.pythonhosted.org/packages/eb/93/a3cdfcd934dd2e661a2012efbed0e5ae8b2889ef313bd42f811826b5d259/prek-0.2.1-py3-none-macosx_11_0_arm64.whl", hash = "sha256:46ec9a2dc2f536ddc3381f9bc9461afbb48b767fe0159687b9a8302a0d910f9c", size = 4135455, upload-time = "2025-09-15T15:13:57.118Z" },
    { url = "https://files.pythonhosted.org/packages/5d/d8/458d5dabe5b8671bd6054f46d8952f07b69be755d98370dc3fe80c797087/prek-0.2.1-py3-none-manylinux_2_17_aarch64.manylinux2014_aarch64.musllinux_1_1_aarch64.whl", hash = "sha256:dd97d0f8d9ec3f1749d3b1c8c3310d2d946976d1ad58e54b1dce3e177b09cbb7", size = 4301081, upload-time = "2025-09-15T15:13:58.528Z" },
    { url = "https://files.pythonhosted.org/packages/e3/32/100086408852c008e0b5e44c6fe93b5f00cc968e072029f02c7f71375350/prek-0.2.1-py3-none-manylinux_2_17_armv7l.manylinux2014_armv7l.whl", hash = "sha256:38c22c63bd18a29b27d4c56804fe10e5ae7e2a2b9d1ec2bcdbaebda9d80b2f86", size = 4256669, upload-time = "2025-09-15T15:14:00.191Z" },
    { url = "https://files.pythonhosted.org/packages/00/ad/dadcb1a781db3c0feed31ab8c299494fe31ef6d5cd4de4929dfe381dafb6/prek-0.2.1-py3-none-manylinux_2_17_i686.manylinux2014_i686.whl", hash = "sha256:e198ddf56591cbe455ffa2106caa6aa8f0df11348a328a68e46e9a0e877f80f6", size = 4553470, upload-time = "2025-09-15T15:14:01.586Z" },
    { url = "https://files.pythonhosted.org/packages/c4/a1/58ee7dc741ddc49816edf9ba5a0bf4cefa9d1ccd2fcdcf988d525773bdfc/prek-0.2.1-py3-none-manylinux_2_17_ppc64.manylinux2014_ppc64.whl", hash = "sha256:5be95c28c65249576e43f7894869f09db7ed62602b70b456c777881304abebf5", size = 4979408, upload-time = "2025-09-15T15:14:03.165Z" },
    { url = "https://files.pythonhosted.org/packages/b0/96/178ebf0523c47e43263e1e0f1f719d0f0b6fe8932876243eb1c9584457e7/prek-0.2.1-py3-none-manylinux_2_17_ppc64le.manylinux2014_ppc64le.whl", hash = "sha256:0355c6c67afe7aa376685cb5747a45e3ba9bcc091d82547ec3725ceafbe139da", size = 4913040, upload-time = "2025-09-15T15:14:04.656Z" },
    { url = "https://files.pythonhosted.org/packages/da/3f/773f1cab7284b0dd4a2f26df68dadc8b3c5a4ff5eaa6f3baec9e0fabeac9/prek-0.2.1-py3-none-manylinux_2_17_s390x.manylinux2014_s390x.whl", hash = "sha256:b784eb070ac3cfea9598f8590f8aafcdae5a871a9bcfd88535c6f6f71f315252", size = 5031851, upload-time = "2025-09-15T15:14:06.075Z" },
    { url = "https://files.pythonhosted.org/packages/da/bb/c5205b9e8561ca8e3925fb0072dc81c5a6ab57863e216aacabafb7bee40d/prek-0.2.1-py3-none-manylinux_2_17_x86_64.manylinux2014_x86_64.whl", hash = "sha256:300ace6901a78a203030e76750d62cff1bdc9d64b08a998029a160a2435a5575", size = 4644291, upload-time = "2025-09-15T15:14:07.582Z" },
    { url = "https://files.pythonhosted.org/packages/b1/d5/240376457cafc8a7e97ef72e2bbebd1c8d97dab2577c13a8b0485a8c4b49/prek-0.2.1-py3-none-manylinux_2_28_aarch64.whl", hash = "sha256:0b214b14d9c1cb4a3324206486cd2ea19e0c960bd2770785c49dbdaa2476a292", size = 4336230, upload-time = "2025-09-15T15:14:08.995Z" },
    { url = "https://files.pythonhosted.org/packages/1d/70/a502fefb622186ce1d0f815f516fd368614fe5ecc596d0759d80e50da7d3/prek-0.2.1-py3-none-manylinux_2_31_riscv64.whl", hash = "sha256:a087ad088e08633469fe5b35411b6fcbc7c1bc78163f3fe2105142550917b581", size = 4424328, upload-time = "2025-09-15T15:14:10.627Z" },
    { url = "https://files.pythonhosted.org/packages/97/d1/815eebdf760b8cdc129bd9818fd88b5ef91bddef4b1ce1dd1bae9aefbcb4/prek-0.2.1-py3-none-musllinux_1_1_armv7l.whl", hash = "sha256:e3b9f592af89d95b6a189f90f9f5c694086d340c79725ad165ae526a3be0be49", size = 4235667, upload-time = "2025-09-15T15:14:12.234Z" },
    { url = "https://files.pythonhosted.org/packages/cc/6d/c86fceb0d2c4070a9218f8cb2b82b07cc2118acc910fa066ef8a78d1d15b/prek-0.2.1-py3-none-musllinux_1_1_i686.whl", hash = "sha256:194e7d898742f0e6565049f8e907e1237e5921b09c4c39ea572176e06296a745", size = 4449681, upload-time = "2025-09-15T15:14:13.723Z" },
    { url = "https://files.pythonhosted.org/packages/97/a6/73678720f9f5a03288bac0ae7dc04fbe96fb01c4b31404480154a0776cc6/prek-0.2.1-py3-none-musllinux_1_1_x86_64.whl", hash = "sha256:483aa6f021874d887553cda5d651d989b2fa38f2334faffd53438a46999fc7ad", size = 4717583, upload-time = "2025-09-15T15:14:15.487Z" },
    { url = "https://files.pythonhosted.org/packages/a2/1c/5a401e3c8db696f24bfa599022c743797af7a26bb1d5a8f79c5b0270afab/prek-0.2.1-py3-none-win32.whl", hash = "sha256:fbe488b478b47d9a7134d145b6564b90bfa1a1f7fec6bc7d7945aaa9a85f80cb", size = 4168471, upload-time = "2025-09-15T15:14:17.315Z" },
    { url = "https://files.pythonhosted.org/packages/1d/70/cf844f271171e629dc29a496130317333867c6bcc02cc357eb80969ab328/prek-0.2.1-py3-none-win_amd64.whl", hash = "sha256:f066681ffb0f4de4c3a74dfb56cf417751ee2df2c38e2ed6af78d5e15262aa5d", size = 4719355, upload-time = "2025-09-15T15:14:18.784Z" },
    { url = "https://files.pythonhosted.org/packages/20/63/1625310edb28937719eedfffcbd6e4728dd4d27f777a3f72fdf8c445976b/prek-0.2.1-py3-none-win_arm64.whl", hash = "sha256:97c8367e226930600dfad28405f091a0bc88cc601bfa66ace42ce1cd38e3ee92", size = 4414447, upload-time = "2025-09-15T15:14:20.43Z" },
]

[[package]]
name = "ruff"
version = "0.13.1"
source = { registry = "https://pypi.org/simple" }
sdist = { url = "https://files.pythonhosted.org/packages/ab/33/c8e89216845615d14d2d42ba2bee404e7206a8db782f33400754f3799f05/ruff-0.13.1.tar.gz", hash = "sha256:88074c3849087f153d4bb22e92243ad4c1b366d7055f98726bc19aa08dc12d51", size = 5397987, upload-time = "2025-09-18T19:52:44.33Z" }
wheels = [
    { url = "https://files.pythonhosted.org/packages/f3/41/ca37e340938f45cfb8557a97a5c347e718ef34702546b174e5300dbb1f28/ruff-0.13.1-py3-none-linux_armv6l.whl", hash = "sha256:b2abff595cc3cbfa55e509d89439b5a09a6ee3c252d92020bd2de240836cf45b", size = 12304308, upload-time = "2025-09-18T19:51:56.253Z" },
    { url = "https://files.pythonhosted.org/packages/ff/84/ba378ef4129415066c3e1c80d84e539a0d52feb250685091f874804f28af/ruff-0.13.1-py3-none-macosx_10_12_x86_64.whl", hash = "sha256:4ee9f4249bf7f8bb3984c41bfaf6a658162cdb1b22e3103eabc7dd1dc5579334", size = 12937258, upload-time = "2025-09-18T19:52:00.184Z" },
    { url = "https://files.pythonhosted.org/packages/8d/b6/ec5e4559ae0ad955515c176910d6d7c93edcbc0ed1a3195a41179c58431d/ruff-0.13.1-py3-none-macosx_11_0_arm64.whl", hash = "sha256:5c5da4af5f6418c07d75e6f3224e08147441f5d1eac2e6ce10dcce5e616a3bae", size = 12214554, upload-time = "2025-09-18T19:52:02.753Z" },
    { url = "https://files.pythonhosted.org/packages/70/d6/cb3e3b4f03b9b0c4d4d8f06126d34b3394f6b4d764912fe80a1300696ef6/ruff-0.13.1-py3-none-manylinux_2_17_aarch64.manylinux2014_aarch64.whl", hash = "sha256:80524f84a01355a59a93cef98d804e2137639823bcee2931f5028e71134a954e", size = 12448181, upload-time = "2025-09-18T19:52:05.279Z" },
    { url = "https://files.pythonhosted.org/packages/d2/ea/bf60cb46d7ade706a246cd3fb99e4cfe854efa3dfbe530d049c684da24ff/ruff-0.13.1-py3-none-manylinux_2_17_armv7l.manylinux2014_armv7l.whl", hash = "sha256:ff7f5ce8d7988767dd46a148192a14d0f48d1baea733f055d9064875c7d50389", size = 12104599, upload-time = "2025-09-18T19:52:07.497Z" },
    { url = "https://files.pythonhosted.org/packages/2d/3e/05f72f4c3d3a69e65d55a13e1dd1ade76c106d8546e7e54501d31f1dc54a/ruff-0.13.1-py3-none-manylinux_2_17_i686.manylinux2014_i686.whl", hash = "sha256:c55d84715061f8b05469cdc9a446aa6c7294cd4bd55e86a89e572dba14374f8c", size = 13791178, upload-time = "2025-09-18T19:52:10.189Z" },
    { url = "https://files.pythonhosted.org/packages/81/e7/01b1fc403dd45d6cfe600725270ecc6a8f8a48a55bc6521ad820ed3ceaf8/ruff-0.13.1-py3-none-manylinux_2_17_ppc64.manylinux2014_ppc64.whl", hash = "sha256:ac57fed932d90fa1624c946dc67a0a3388d65a7edc7d2d8e4ca7bddaa789b3b0", size = 14814474, upload-time = "2025-09-18T19:52:12.866Z" },
    { url = "https://files.pythonhosted.org/packages/fa/92/d9e183d4ed6185a8df2ce9faa3f22e80e95b5f88d9cc3d86a6d94331da3f/ruff-0.13.1-py3-none-manylinux_2_17_ppc64le.manylinux2014_ppc64le.whl", hash = "sha256:c366a71d5b4f41f86a008694f7a0d75fe409ec298685ff72dc882f882d532e36", size = 14217531, upload-time = "2025-09-18T19:52:15.245Z" },
    { url = "https://files.pythonhosted.org/packages/3b/4a/6ddb1b11d60888be224d721e01bdd2d81faaf1720592858ab8bac3600466/ruff-0.13.1-py3-none-manylinux_2_17_s390x.manylinux2014_s390x.whl", hash = "sha256:f4ea9d1b5ad3e7a83ee8ebb1229c33e5fe771e833d6d3dcfca7b77d95b060d38", size = 13265267, upload-time = "2025-09-18T19:52:17.649Z" },
    { url = "https://files.pythonhosted.org/packages/81/98/3f1d18a8d9ea33ef2ad508f0417fcb182c99b23258ec5e53d15db8289809/ruff-0.13.1-py3-none-manylinux_2_17_x86_64.manylinux2014_x86_64.whl", hash = "sha256:b0f70202996055b555d3d74b626406476cc692f37b13bac8828acff058c9966a", size = 13243120, upload-time = "2025-09-18T19:52:20.332Z" },
    { url = "https://files.pythonhosted.org/packages/8d/86/b6ce62ce9c12765fa6c65078d1938d2490b2b1d9273d0de384952b43c490/ruff-0.13.1-py3-none-manylinux_2_31_riscv64.whl", hash = "sha256:f8cff7a105dad631085d9505b491db33848007d6b487c3c1979dd8d9b2963783", size = 13443084, upload-time = "2025-09-18T19:52:23.032Z" },
    { url = "https://files.pythonhosted.org/packages/a1/6e/af7943466a41338d04503fb5a81b2fd07251bd272f546622e5b1599a7976/ruff-0.13.1-py3-none-musllinux_1_2_aarch64.whl", hash = "sha256:9761e84255443316a258dd7dfbd9bfb59c756e52237ed42494917b2577697c6a", size = 12295105, upload-time = "2025-09-18T19:52:25.263Z" },
    { url = "https://files.pythonhosted.org/packages/3f/97/0249b9a24f0f3ebd12f007e81c87cec6d311de566885e9309fcbac5b24cc/ruff-0.13.1-py3-none-musllinux_1_2_armv7l.whl", hash = "sha256:3d376a88c3102ef228b102211ef4a6d13df330cb0f5ca56fdac04ccec2a99700", size = 12072284, upload-time = "2025-09-18T19:52:27.478Z" },
    { url = "https://files.pythonhosted.org/packages/f6/85/0b64693b2c99d62ae65236ef74508ba39c3febd01466ef7f354885e5050c/ruff-0.13.1-py3-none-musllinux_1_2_i686.whl", hash = "sha256:cbefd60082b517a82c6ec8836989775ac05f8991715d228b3c1d86ccc7df7dae", size = 12970314, upload-time = "2025-09-18T19:52:30.212Z" },
    { url = "https://files.pythonhosted.org/packages/96/fc/342e9f28179915d28b3747b7654f932ca472afbf7090fc0c4011e802f494/ruff-0.13.1-py3-none-musllinux_1_2_x86_64.whl", hash = "sha256:dd16b9a5a499fe73f3c2ef09a7885cb1d97058614d601809d37c422ed1525317", size = 13422360, upload-time = "2025-09-18T19:52:32.676Z" },
    { url = "https://files.pythonhosted.org/packages/37/54/6177a0dc10bce6f43e392a2192e6018755473283d0cf43cc7e6afc182aea/ruff-0.13.1-py3-none-win32.whl", hash = "sha256:55e9efa692d7cb18580279f1fbb525146adc401f40735edf0aaeabd93099f9a0", size = 12178448, upload-time = "2025-09-18T19:52:35.545Z" },
    { url = "https://files.pythonhosted.org/packages/64/51/c6a3a33d9938007b8bdc8ca852ecc8d810a407fb513ab08e34af12dc7c24/ruff-0.13.1-py3-none-win_amd64.whl", hash = "sha256:3a3fb595287ee556de947183489f636b9f76a72f0fa9c028bdcabf5bab2cc5e5", size = 13286458, upload-time = "2025-09-18T19:52:38.198Z" },
    { url = "https://files.pythonhosted.org/packages/fd/04/afc078a12cf68592345b1e2d6ecdff837d286bac023d7a22c54c7a698c5b/ruff-0.13.1-py3-none-win_arm64.whl", hash = "sha256:c0bae9ffd92d54e03c2bf266f466da0a65e145f298ee5b5846ed435f6a00518a", size = 12437893, upload-time = "2025-09-18T19:52:41.283Z" },
]

[[package]]
name = "terminal-dex-scraper"
version = "0.1.0"
source = { editable = "." }

[package.dev-dependencies]
dev = [
    { name = "basedpyright" },
    { name = "prek" },
    { name = "ruff" },
]

[package.metadata]

[package.metadata.requires-dev]
dev = [
    { name = "basedpyright", specifier = ">=1.31.4" },
    { name = "prek", specifier = ">=0.2.1" },
    { name = "ruff", specifier = ">=0.13.1" },
]
